
Microsoft Visual Studio Solution File, Format Version 12.00
# Visual Studio Version 17
VisualStudioVersion = 17.9.34728.123
MinimumVisualStudioVersion = 10.0.40219.1
Project("{FAE04EC0-301F-11D3-BF4B-00C04F79EFBC}") = "ProjetoFinalBiblioteca1", "ProjetoFinalBiblioteca1\ProjetoFinalBiblioteca1.csproj", "{1245E434-EEF4-4597-B1B4-DE1FE8E1ECC4}"
EndProject
Global
	GlobalSection(SolutionConfigurationPlatforms) = preSolution
		Debug|Any CPU = Debug|Any CPU
		Release|Any CPU = Release|Any CPU
	EndGlobalSection
	GlobalSection(ProjectConfigurationPlatforms) = postSolution
		{1245E434-EEF4-4597-B1B4-DE1FE8E1ECC4}.Debug|Any CPU.ActiveCfg = Debug|Any CPU
		{1245E434-EEF4-4597-B1B4-DE1FE8E1ECC4}.Debug|Any CPU.Build.0 = Debug|Any CPU
		{1245E434-EEF4-4597-B1B4-DE1FE8E1ECC4}.Release|Any CPU.ActiveCfg = Release|Any CPU
		{1245E434-EEF4-4597-B1B4-DE1FE8E1ECC4}.Release|Any CPU.Build.0 = Release|Any CPU
	EndGlobalSection
	GlobalSection(SolutionProperties) = preSolution
		HideSolutionNode = FALSE
	EndGlobalSection
	GlobalSection(ExtensibilityGlobals) = postSolution
		SolutionGuid = {8EA73C54-B693-4A55-8FF6-F10B1D8B051E}
	EndGlobalSection
EndGlobal
